// !$*UTF8*$!
{
	archiveVersion = 1;
	classes = {
	};
	objectVersion = 48;
	objects = {

/* Begin PBXBuildFile section */
		104B41951FBCFD2E000C9AB8 /* AppDelegate.swift in Sources */ = {isa = PBXBuildFile; fileRef = 104B41941FBCFD2E000C9AB8 /* AppDelegate.swift */; };
		104B41971FBCFD2E000C9AB8 /* MakeListVC.swift in Sources */ = {isa = PBXBuildFile; fileRef = 104B41961FBCFD2E000C9AB8 /* MakeListVC.swift */; };
		104B419A1FBCFD2E000C9AB8 /* MakeList.storyboard in Resources */ = {isa = PBXBuildFile; fileRef = 104B41981FBCFD2E000C9AB8 /* MakeList.storyboard */; };
		104B419D1FBCFD2E000C9AB8 /* ShopShopShop.xcdatamodeld in Sources */ = {isa = PBXBuildFile; fileRef = 104B419B1FBCFD2E000C9AB8 /* ShopShopShop.xcdatamodeld */; };
		104B419F1FBCFD2E000C9AB8 /* Assets.xcassets in Resources */ = {isa = PBXBuildFile; fileRef = 104B419E1FBCFD2E000C9AB8 /* Assets.xcassets */; };
		104B41A21FBCFD2E000C9AB8 /* LaunchScreen.storyboard in Resources */ = {isa = PBXBuildFile; fileRef = 104B41A01FBCFD2E000C9AB8 /* LaunchScreen.storyboard */; };
		104B41AA1FBCFDEE000C9AB8 /* StoreListVC.swift in Sources */ = {isa = PBXBuildFile; fileRef = 104B41A91FBCFDEE000C9AB8 /* StoreListVC.swift */; };
		104B41AC1FBCFE82000C9AB8 /* ShoppingListVC.swift in Sources */ = {isa = PBXBuildFile; fileRef = 104B41AB1FBCFE82000C9AB8 /* ShoppingListVC.swift */; };
		104B41AE1FBCFEE5000C9AB8 /* ProductDetailsVC.swift in Sources */ = {isa = PBXBuildFile; fileRef = 104B41AD1FBCFEE5000C9AB8 /* ProductDetailsVC.swift */; };
		104B41B11FBCFF37000C9AB8 /* ShoppingList.storyboard in Resources */ = {isa = PBXBuildFile; fileRef = 104B41AF1FBCFF37000C9AB8 /* ShoppingList.storyboard */; };
		104B41B41FBCFFA8000C9AB8 /* StoreList.storyboard in Resources */ = {isa = PBXBuildFile; fileRef = 104B41B31FBCFFA8000C9AB8 /* StoreList.storyboard */; };
		104B41B81FBD0037000C9AB8 /* ProductDetails.storyboard in Resources */ = {isa = PBXBuildFile; fileRef = 104B41B61FBD0037000C9AB8 /* ProductDetails.storyboard */; };
		EA9044C71FBD2E3F00794F9B /* Main.storyboard in Resources */ = {isa = PBXBuildFile; fileRef = EA9044C51FBD2E3E00794F9B /* Main.storyboard */; };
/* End PBXBuildFile section */

/* Begin PBXFileReference section */
		104B41911FBCFD2E000C9AB8 /* ShopShopShop.app */ = {isa = PBXFileReference; explicitFileType = wrapper.application; includeInIndex = 0; path = ShopShopShop.app; sourceTree = BUILT_PRODUCTS_DIR; };
		104B41941FBCFD2E000C9AB8 /* AppDelegate.swift */ = {isa = PBXFileReference; lastKnownFileType = sourcecode.swift; path = AppDelegate.swift; sourceTree = "<group>"; };
		104B41961FBCFD2E000C9AB8 /* MakeListVC.swift */ = {isa = PBXFileReference; lastKnownFileType = sourcecode.swift; path = MakeListVC.swift; sourceTree = "<group>"; };
		104B41991FBCFD2E000C9AB8 /* Base */ = {isa = PBXFileReference; lastKnownFileType = file.storyboard; name = Base; path = Base.lproj/MakeList.storyboard; sourceTree = "<group>"; };
		104B419C1FBCFD2E000C9AB8 /* ShopShopShop.xcdatamodel */ = {isa = PBXFileReference; lastKnownFileType = wrapper.xcdatamodel; path = ShopShopShop.xcdatamodel; sourceTree = "<group>"; };
		104B419E1FBCFD2E000C9AB8 /* Assets.xcassets */ = {isa = PBXFileReference; lastKnownFileType = folder.assetcatalog; path = Assets.xcassets; sourceTree = "<group>"; };
		104B41A11FBCFD2E000C9AB8 /* Base */ = {isa = PBXFileReference; lastKnownFileType = file.storyboard; name = Base; path = Base.lproj/LaunchScreen.storyboard; sourceTree = "<group>"; };
		104B41A31FBCFD2E000C9AB8 /* Info.plist */ = {isa = PBXFileReference; lastKnownFileType = text.plist.xml; path = Info.plist; sourceTree = "<group>"; };
		104B41A91FBCFDEE000C9AB8 /* StoreListVC.swift */ = {isa = PBXFileReference; lastKnownFileType = sourcecode.swift; path = StoreListVC.swift; sourceTree = "<group>"; };
		104B41AB1FBCFE82000C9AB8 /* ShoppingListVC.swift */ = {isa = PBXFileReference; lastKnownFileType = sourcecode.swift; path = ShoppingListVC.swift; sourceTree = "<group>"; };
		104B41AD1FBCFEE5000C9AB8 /* ProductDetailsVC.swift */ = {isa = PBXFileReference; lastKnownFileType = sourcecode.swift; path = ProductDetailsVC.swift; sourceTree = "<group>"; };
		104B41B01FBCFF37000C9AB8 /* Base */ = {isa = PBXFileReference; lastKnownFileType = file.storyboard; name = Base; path = ShopShopShop/Base.lproj/ShoppingList.storyboard; sourceTree = "<group>"; };
		104B41B31FBCFFA8000C9AB8 /* StoreList.storyboard */ = {isa = PBXFileReference; fileEncoding = 4; lastKnownFileType = file.storyboard; path = StoreList.storyboard; sourceTree = "<group>"; };
		104B41B71FBD0037000C9AB8 /* Base */ = {isa = PBXFileReference; lastKnownFileType = file.storyboard; name = Base; path = ShopShopShop/Base.lproj/ProductDetails.storyboard; sourceTree = "<group>"; };
		EA9044C61FBD2E3F00794F9B /* Base */ = {isa = PBXFileReference; lastKnownFileType = file.storyboard; name = Base; path = ShopShopShop/MakeList/Base.lproj/Main.storyboard; sourceTree = "<group>"; };
/* End PBXFileReference section */

/* Begin PBXFrameworksBuildPhase section */
		104B418E1FBCFD2E000C9AB8 /* Frameworks */ = {
			isa = PBXFrameworksBuildPhase;
			buildActionMask = 2147483647;
			files = (
			);
			runOnlyForDeploymentPostprocessing = 0;
		};
/* End PBXFrameworksBuildPhase section */

/* Begin PBXGroup section */
		104B41881FBCFD2E000C9AB8 = {
			isa = PBXGroup;
			children = (
				EA9044C51FBD2E3E00794F9B /* Main.storyboard */,
				104B41931FBCFD2E000C9AB8 /* ShopShopShop */,
				104B41921FBCFD2E000C9AB8 /* Products */,
			);
			sourceTree = "<group>";
		};
		104B41921FBCFD2E000C9AB8 /* Products */ = {
			isa = PBXGroup;
			children = (
				104B41911FBCFD2E000C9AB8 /* ShopShopShop.app */,
			);
			name = Products;
			sourceTree = "<group>";
		};
		104B41931FBCFD2E000C9AB8 /* ShopShopShop */ = {
			isa = PBXGroup;
			children = (
				104B41941FBCFD2E000C9AB8 /* AppDelegate.swift */,
				104B41BA1FBD009C000C9AB8 /* MakeList */,
				104B41B91FBD0048000C9AB8 /* ProductDetails */,
				104B41B21FBCFF7A000C9AB8 /* ShoppingList */,
				104B41B51FBCFFEF000C9AB8 /* StoreList */,
				104B419E1FBCFD2E000C9AB8 /* Assets.xcassets */,
				104B41A01FBCFD2E000C9AB8 /* LaunchScreen.storyboard */,
				104B41A31FBCFD2E000C9AB8 /* Info.plist */,
				104B419B1FBCFD2E000C9AB8 /* ShopShopShop.xcdatamodeld */,
			);
			path = ShopShopShop;
			sourceTree = "<group>";
		};
		104B41B21FBCFF7A000C9AB8 /* ShoppingList */ = {
			isa = PBXGroup;
			children = (
				104B41AB1FBCFE82000C9AB8 /* ShoppingListVC.swift */,
				104B41AF1FBCFF37000C9AB8 /* ShoppingList.storyboard */,
			);
			path = ShoppingList;
			sourceTree = "<group>";
		};
		104B41B51FBCFFEF000C9AB8 /* StoreList */ = {
			isa = PBXGroup;
			children = (
				104B41A91FBCFDEE000C9AB8 /* StoreListVC.swift */,
				104B41B31FBCFFA8000C9AB8 /* StoreList.storyboard */,
			);
			path = StoreList;
			sourceTree = "<group>";
		};
		104B41B91FBD0048000C9AB8 /* ProductDetails */ = {
			isa = PBXGroup;
			children = (
				104B41AD1FBCFEE5000C9AB8 /* ProductDetailsVC.swift */,
				104B41B61FBD0037000C9AB8 /* ProductDetails.storyboard */,
			);
			path = ProductDetails;
			sourceTree = "<group>";
		};
		104B41BA1FBD009C000C9AB8 /* MakeList */ = {
			isa = PBXGroup;
			children = (
				104B41961FBCFD2E000C9AB8 /* MakeListVC.swift */,
				104B41981FBCFD2E000C9AB8 /* MakeList.storyboard */,
			);
			path = MakeList;
			sourceTree = "<group>";
		};
/* End PBXGroup section */

/* Begin PBXNativeTarget section */
		104B41901FBCFD2E000C9AB8 /* ShopShopShop */ = {
			isa = PBXNativeTarget;
			buildConfigurationList = 104B41A61FBCFD2E000C9AB8 /* Build configuration list for PBXNativeTarget "ShopShopShop" */;
			buildPhases = (
				104B418D1FBCFD2E000C9AB8 /* Sources */,
				104B418E1FBCFD2E000C9AB8 /* Frameworks */,
				104B418F1FBCFD2E000C9AB8 /* Resources */,
			);
			buildRules = (
			);
			dependencies = (
			);
			name = ShopShopShop;
			productName = ShopShopShop;
			productReference = 104B41911FBCFD2E000C9AB8 /* ShopShopShop.app */;
			productType = "com.apple.product-type.application";
		};
/* End PBXNativeTarget section */

/* Begin PBXProject section */
		104B41891FBCFD2E000C9AB8 /* Project object */ = {
			isa = PBXProject;
			attributes = {
				LastSwiftUpdateCheck = 0910;
				LastUpgradeCheck = 0910;
				ORGANIZATIONNAME = "Krystyna Swider";
				TargetAttributes = {
					104B41901FBCFD2E000C9AB8 = {
						CreatedOnToolsVersion = 9.1;
						ProvisioningStyle = Automatic;
					};
				};
			};
			buildConfigurationList = 104B418C1FBCFD2E000C9AB8 /* Build configuration list for PBXProject "ShopShopShop" */;
			compatibilityVersion = "Xcode 8.0";
			developmentRegion = en;
			hasScannedForEncodings = 0;
			knownRegions = (
				en,
				Base,
			);
			mainGroup = 104B41881FBCFD2E000C9AB8;
			productRefGroup = 104B41921FBCFD2E000C9AB8 /* Products */;
			projectDirPath = "";
			projectRoot = "";
			targets = (
				104B41901FBCFD2E000C9AB8 /* ShopShopShop */,
			);
		};
/* End PBXProject section */

/* Begin PBXResourcesBuildPhase section */
		104B418F1FBCFD2E000C9AB8 /* Resources */ = {
			isa = PBXResourcesBuildPhase;
			buildActionMask = 2147483647;
			files = (
				EA9044C71FBD2E3F00794F9B /* Main.storyboard in Resources */,
				104B41B11FBCFF37000C9AB8 /* ShoppingList.storyboard in Resources */,
				104B41A21FBCFD2E000C9AB8 /* LaunchScreen.storyboard in Resources */,
				104B419F1FBCFD2E000C9AB8 /* Assets.xcassets in Resources */,
				104B41B41FBCFFA8000C9AB8 /* StoreList.storyboard in Resources */,
				104B419A1FBCFD2E000C9AB8 /* MakeList.storyboard in Resources */,
				104B41B81FBD0037000C9AB8 /* ProductDetails.storyboard in Resources */,
			);
			runOnlyForDeploymentPostprocessing = 0;
		};
/* End PBXResourcesBuildPhase section */

/* Begin PBXSourcesBuildPhase section */
		104B418D1FBCFD2E000C9AB8 /* Sources */ = {
			isa = PBXSourcesBuildPhase;
			buildActionMask = 2147483647;
			files = (
				104B41971FBCFD2E000C9AB8 /* MakeListVC.swift in Sources */,
				104B41AE1FBCFEE5000C9AB8 /* ProductDetailsVC.swift in Sources */,
				104B41AC1FBCFE82000C9AB8 /* ShoppingListVC.swift in Sources */,
				104B41951FBCFD2E000C9AB8 /* AppDelegate.swift in Sources */,
				104B41AA1FBCFDEE000C9AB8 /* StoreListVC.swift in Sources */,
				104B419D1FBCFD2E000C9AB8 /* ShopShopShop.xcdatamodeld in Sources */,
			);
			runOnlyForDeploymentPostprocessing = 0;
		};
/* End PBXSourcesBuildPhase section */

/* Begin PBXVariantGroup section */
		104B41981FBCFD2E000C9AB8 /* MakeList.storyboard */ = {
			isa = PBXVariantGroup;
			children = (
				104B41991FBCFD2E000C9AB8 /* Base */,
			);
			name = MakeList.storyboard;
			sourceTree = "<group>";
		};
		104B41A01FBCFD2E000C9AB8 /* LaunchScreen.storyboard */ = {
			isa = PBXVariantGroup;
			children = (
				104B41A11FBCFD2E000C9AB8 /* Base */,
			);
			name = LaunchScreen.storyboard;
			sourceTree = "<group>";
		};
		104B41AF1FBCFF37000C9AB8 /* ShoppingList.storyboard */ = {
			isa = PBXVariantGroup;
			children = (
				104B41B01FBCFF37000C9AB8 /* Base */,
			);
			name = ShoppingList.storyboard;
			sourceTree = "<group>";
		};
		104B41B61FBD0037000C9AB8 /* ProductDetails.storyboard */ = {
			isa = PBXVariantGroup;
			children = (
				104B41B71FBD0037000C9AB8 /* Base */,
			);
			name = ProductDetails.storyboard;
			sourceTree = "<group>";
		};
		EA9044C51FBD2E3E00794F9B /* Main.storyboard */ = {
			isa = PBXVariantGroup;
			children = (
				EA9044C61FBD2E3F00794F9B /* Base */,
			);
			name = Main.storyboard;
			sourceTree = "<group>";
		};
/* End PBXVariantGroup section */

/* Begin XCBuildConfiguration section */
		104B41A41FBCFD2E000C9AB8 /* Debug */ = {
			isa = XCBuildConfiguration;
			buildSettings = {
				ALWAYS_SEARCH_USER_PATHS = NO;
				CLANG_ANALYZER_NONNULL = YES;
				CLANG_ANALYZER_NUMBER_OBJECT_CONVERSION = YES_AGGRESSIVE;
				CLANG_CXX_LANGUAGE_STANDARD = "gnu++14";
				CLANG_CXX_LIBRARY = "libc++";
				CLANG_ENABLE_MODULES = YES;
				CLANG_ENABLE_OBJC_ARC = YES;
				CLANG_WARN_BLOCK_CAPTURE_AUTORELEASING = YES;
				CLANG_WARN_BOOL_CONVERSION = YES;
				CLANG_WARN_COMMA = YES;
				CLANG_WARN_CONSTANT_CONVERSION = YES;
				CLANG_WARN_DIRECT_OBJC_ISA_USAGE = YES_ERROR;
				CLANG_WARN_DOCUMENTATION_COMMENTS = YES;
				CLANG_WARN_EMPTY_BODY = YES;
				CLANG_WARN_ENUM_CONVERSION = YES;
				CLANG_WARN_INFINITE_RECURSION = YES;
				CLANG_WARN_INT_CONVERSION = YES;
				CLANG_WARN_NON_LITERAL_NULL_CONVERSION = YES;
				CLANG_WARN_OBJC_LITERAL_CONVERSION = YES;
				CLANG_WARN_OBJC_ROOT_CLASS = YES_ERROR;
				CLANG_WARN_RANGE_LOOP_ANALYSIS = YES;
				CLANG_WARN_STRICT_PROTOTYPES = YES;
				CLANG_WARN_SUSPICIOUS_MOVE = YES;
				CLANG_WARN_UNGUARDED_AVAILABILITY = YES_AGGRESSIVE;
				CLANG_WARN_UNREACHABLE_CODE = YES;
				CLANG_WARN__DUPLICATE_METHOD_MATCH = YES;
				CODE_SIGN_IDENTITY = "iPhone Developer";
				COPY_PHASE_STRIP = NO;
				DEBUG_INFORMATION_FORMAT = dwarf;
				ENABLE_STRICT_OBJC_MSGSEND = YES;
				ENABLE_TESTABILITY = YES;
				GCC_C_LANGUAGE_STANDARD = gnu11;
				GCC_DYNAMIC_NO_PIC = NO;
				GCC_NO_COMMON_BLOCKS = YES;
				GCC_OPTIMIZATION_LEVEL = 0;
				GCC_PREPROCESSOR_DEFINITIONS = (
					"DEBUG=1",
					"$(inherited)",
				);
				GCC_WARN_64_TO_32_BIT_CONVERSION = YES;
				GCC_WARN_ABOUT_RETURN_TYPE = YES_ERROR;
				GCC_WARN_UNDECLARED_SELECTOR = YES;
				GCC_WARN_UNINITIALIZED_AUTOS = YES_AGGRESSIVE;
				GCC_WARN_UNUSED_FUNCTION = YES;
				GCC_WARN_UNUSED_VARIABLE = YES;
				IPHONEOS_DEPLOYMENT_TARGET = 11.1;
				MTL_ENABLE_DEBUG_INFO = YES;
				ONLY_ACTIVE_ARCH = YES;
				SDKROOT = iphoneos;
				SWIFT_ACTIVE_COMPILATION_CONDITIONS = DEBUG;
				SWIFT_OPTIMIZATION_LEVEL = "-Onone";
			};
			name = Debug;
		};
		104B41A51FBCFD2E000C9AB8 /* Release */ = {
			isa = XCBuildConfiguration;
			buildSettings = {
				ALWAYS_SEARCH_USER_PATHS = NO;
				CLANG_ANALYZER_NONNULL = YES;
				CLANG_ANALYZER_NUMBER_OBJECT_CONVERSION = YES_AGGRESSIVE;
				CLANG_CXX_LANGUAGE_STANDARD = "gnu++14";
				CLANG_CXX_LIBRARY = "libc++";
				CLANG_ENABLE_MODULES = YES;
				CLANG_ENABLE_OBJC_ARC = YES;
				CLANG_WARN_BLOCK_CAPTURE_AUTORELEASING = YES;
				CLANG_WARN_BOOL_CONVERSION = YES;
				CLANG_WARN_COMMA = YES;
				CLANG_WARN_CONSTANT_CONVERSION = YES;
				CLANG_WARN_DIRECT_OBJC_ISA_USAGE = YES_ERROR;
				CLANG_WARN_DOCUMENTATION_COMMENTS = YES;
				CLANG_WARN_EMPTY_BODY = YES;
				CLANG_WARN_ENUM_CONVERSION = YES;
				CLANG_WARN_INFINITE_RECURSION = YES;
				CLANG_WARN_INT_CONVERSION = YES;
				CLANG_WARN_NON_LITERAL_NULL_CONVERSION = YES;
				CLANG_WARN_OBJC_LITERAL_CONVERSION = YES;
				CLANG_WARN_OBJC_ROOT_CLASS = YES_ERROR;
				CLANG_WARN_RANGE_LOOP_ANALYSIS = YES;
				CLANG_WARN_STRICT_PROTOTYPES = YES;
				CLANG_WARN_SUSPICIOUS_MOVE = YES;
				CLANG_WARN_UNGUARDED_AVAILABILITY = YES_AGGRESSIVE;
				CLANG_WARN_UNREACHABLE_CODE = YES;
				CLANG_WARN__DUPLICATE_METHOD_MATCH = YES;
				CODE_SIGN_IDENTITY = "iPhone Developer";
				COPY_PHASE_STRIP = NO;
				DEBUG_INFORMATION_FORMAT = "dwarf-with-dsym";
				ENABLE_NS_ASSERTIONS = NO;
				ENABLE_STRICT_OBJC_MSGSEND = YES;
				GCC_C_LANGUAGE_STANDARD = gnu11;
				GCC_NO_COMMON_BLOCKS = YES;
				GCC_WARN_64_TO_32_BIT_CONVERSION = YES;
				GCC_WARN_ABOUT_RETURN_TYPE = YES_ERROR;
				GCC_WARN_UNDECLARED_SELECTOR = YES;
				GCC_WARN_UNINITIALIZED_AUTOS = YES_AGGRESSIVE;
				GCC_WARN_UNUSED_FUNCTION = YES;
				GCC_WARN_UNUSED_VARIABLE = YES;
				IPHONEOS_DEPLOYMENT_TARGET = 11.1;
				MTL_ENABLE_DEBUG_INFO = NO;
				SDKROOT = iphoneos;
				SWIFT_OPTIMIZATION_LEVEL = "-Owholemodule";
				VALIDATE_PRODUCT = YES;
			};
			name = Release;
		};
		104B41A71FBCFD2E000C9AB8 /* Debug */ = {
			isa = XCBuildConfiguration;
			buildSettings = {
				ASSETCATALOG_COMPILER_APPICON_NAME = AppIcon;
				CODE_SIGN_STYLE = Automatic;
				DEVELOPMENT_TEAM = H8ZPEWA7R4;
				INFOPLIST_FILE = ShopShopShop/Info.plist;
				LD_RUNPATH_SEARCH_PATHS = "$(inherited) @executable_path/Frameworks";
				PRODUCT_BUNDLE_IDENTIFIER = KLP.ShopShopShop;
				PRODUCT_NAME = "$(TARGET_NAME)";
				SWIFT_VERSION = 4.0;
				TARGETED_DEVICE_FAMILY = "1,2";
			};
			name = Debug;
		};
		104B41A81FBCFD2E000C9AB8 /* Release */ = {
			isa = XCBuildConfiguration;
			buildSettings = {
				ASSETCATALOG_COMPILER_APPICON_NAME = AppIcon;
				CODE_SIGN_STYLE = Automatic;
				DEVELOPMENT_TEAM = H8ZPEWA7R4;
				INFOPLIST_FILE = ShopShopShop/Info.plist;
				LD_RUNPATH_SEARCH_PATHS = "$(inherited) @executable_path/Frameworks";
				PRODUCT_BUNDLE_IDENTIFIER = KLP.ShopShopShop;
				PRODUCT_NAME = "$(TARGET_NAME)";
				SWIFT_VERSION = 4.0;
				TARGETED_DEVICE_FAMILY = "1,2";
			};
			name = Release;
		};
/* End XCBuildConfiguration section */

/* Begin XCConfigurationList section */
		104B418C1FBCFD2E000C9AB8 /* Build configuration list for PBXProject "ShopShopShop" */ = {
			isa = XCConfigurationList;
			buildConfigurations = (
				104B41A41FBCFD2E000C9AB8 /* Debug */,
				104B41A51FBCFD2E000C9AB8 /* Release */,
			);
			defaultConfigurationIsVisible = 0;
			defaultConfigurationName = Release;
		};
		104B41A61FBCFD2E000C9AB8 /* Build configuration list for PBXNativeTarget "ShopShopShop" */ = {
			isa = XCConfigurationList;
			buildConfigurations = (
				104B41A71FBCFD2E000C9AB8 /* Debug */,
				104B41A81FBCFD2E000C9AB8 /* Release */,
			);
			defaultConfigurationIsVisible = 0;
			defaultConfigurationName = Release;
		};
/* End XCConfigurationList section */

/* Begin XCVersionGroup section */
		104B419B1FBCFD2E000C9AB8 /* ShopShopShop.xcdatamodeld */ = {
			isa = XCVersionGroup;
			children = (
				104B419C1FBCFD2E000C9AB8 /* ShopShopShop.xcdatamodel */,
			);
			currentVersion = 104B419C1FBCFD2E000C9AB8 /* ShopShopShop.xcdatamodel */;
			path = ShopShopShop.xcdatamodeld;
			sourceTree = "<group>";
			versionGroupType = wrapper.xcdatamodel;
		};
/* End XCVersionGroup section */
	};
	rootObject = 104B41891FBCFD2E000C9AB8 /* Project object */;
}
